
Microsoft Visual Studio Solution File, Format Version 12.00
# Visual Studio Version 17
VisualStudioVersion = 17.14.36109.1 d17.14
MinimumVisualStudioVersion = 10.0.40219.1
Project("{FAE04EC0-301F-11D3-BF4B-00C04F79EFBC}") = "SignalR1", "SignalR1\SignalR1.csproj", "{C4D3B425-C5FA-40BA-BE18-2610C1FCF6C9}"
EndProject
Project("{FAE04EC0-301F-11D3-BF4B-00C04F79EFBC}") = "SignalR1.Tests", "SignalR1.Tests\SignalR1.Tests.csproj", "{C8D96441-EB93-4BAC-9FE6-851B207AEDAC}"
EndProject
Global
	GlobalSection(SolutionConfigurationPlatforms) = preSolution
		Debug|Any CPU = Debug|Any CPU
		Release|Any CPU = Release|Any CPU
	EndGlobalSection
	GlobalSection(ProjectConfigurationPlatforms) = postSolution
		{C4D3B425-C5FA-40BA-BE18-2610C1FCF6C9}.Debug|Any CPU.ActiveCfg = Debug|Any CPU
		{C4D3B425-C5FA-40BA-BE18-2610C1FCF6C9}.Debug|Any CPU.Build.0 = Debug|Any CPU
		{C4D3B425-C5FA-40BA-BE18-2610C1FCF6C9}.Release|Any CPU.ActiveCfg = Release|Any CPU
		{C4D3B425-C5FA-40BA-BE18-2610C1FCF6C9}.Release|Any CPU.Build.0 = Release|Any CPU
		{C8D96441-EB93-4BAC-9FE6-851B207AEDAC}.Debug|Any CPU.ActiveCfg = Debug|Any CPU
		{C8D96441-EB93-4BAC-9FE6-851B207AEDAC}.Debug|Any CPU.Build.0 = Debug|Any CPU
		{C8D96441-EB93-4BAC-9FE6-851B207AEDAC}.Release|Any CPU.ActiveCfg = Release|Any CPU
		{C8D96441-EB93-4BAC-9FE6-851B207AEDAC}.Release|Any CPU.Build.0 = Release|Any CPU
	EndGlobalSection
	GlobalSection(SolutionProperties) = preSolution
		HideSolutionNode = FALSE
	EndGlobalSection
	GlobalSection(ExtensibilityGlobals) = postSolution
		SolutionGuid = {9E4511B1-D22A-4670-BA28-FDA50F36CC4F}
	EndGlobalSection
EndGlobal
